
Microsoft Visual Studio Solution File, Format Version 12.00
# Visual Studio 15
Project("{FAE04EC0-301F-11D3-BF4B-00C04F79EFBC}") = "Assembly-CSharp", "Assembly-CSharp.csproj", "{369E4D07-EAD3-3D7F-1B90-62BBE7B8747D}"
EndProject
Project("{FAE04EC0-301F-11D3-BF4B-00C04F79EFBC}") = "Assembly-CSharp-Editor", "Assembly-CSharp-Editor.csproj", "{96756A11-1B0A-9568-9585-7F55C9A1DAB5}"
EndProject
Global
	GlobalSection(SolutionConfigurationPlatforms) = preSolution
		Debug|Any CPU = Debug|Any CPU
		Release|Any CPU = Release|Any CPU
	EndGlobalSection
	GlobalSection(ProjectConfigurationPlatforms) = postSolution
		{369E4D07-EAD3-3D7F-1B90-62BBE7B8747D}.Debug|Any CPU.ActiveCfg = Debug|Any CPU
		{369E4D07-EAD3-3D7F-1B90-62BBE7B8747D}.Debug|Any CPU.Build.0 = Debug|Any CPU
		{369E4D07-EAD3-3D7F-1B90-62BBE7B8747D}.Release|Any CPU.ActiveCfg = Release|Any CPU
		{369E4D07-EAD3-3D7F-1B90-62BBE7B8747D}.Release|Any CPU.Build.0 = Release|Any CPU
		{96756A11-1B0A-9568-9585-7F55C9A1DAB5}.Debug|Any CPU.ActiveCfg = Debug|Any CPU
		{96756A11-1B0A-9568-9585-7F55C9A1DAB5}.Debug|Any CPU.Build.0 = Debug|Any CPU
		{96756A11-1B0A-9568-9585-7F55C9A1DAB5}.Release|Any CPU.ActiveCfg = Release|Any CPU
		{96756A11-1B0A-9568-9585-7F55C9A1DAB5}.Release|Any CPU.Build.0 = Release|Any CPU
	EndGlobalSection
	GlobalSection(SolutionProperties) = preSolution
		HideSolutionNode = FALSE
	EndGlobalSection
EndGlobal
